
Microsoft Visual Studio Solution File, Format Version 9.00
# Visual Studio 2005
Project("{FAE04EC0-301F-11D3-BF4B-00C04F79EFBC}") = "Translator", "Translator\Translator.csproj", "{D33074E4-1525-4F22-A1DB-A7F30989D8FE}"
EndProject
Project("{2150E333-8FDC-42A3-9474-1A3956D46DE8}") = "Solution Items", "Solution Items", "{8ECA4801-3F48-4FD1-91B4-4DFB567D913B}"
	ProjectSection(SolutionItems) = preProject
		build.properties = build.properties
		dist\build.properties = dist\build.properties
		build.xml = build.xml
		README.txt = README.txt
	EndProjectSection
EndProject
Global
	GlobalSection(SolutionConfigurationPlatforms) = preSolution
		Debug|Any CPU = Debug|Any CPU
		Release|Any CPU = Release|Any CPU
	EndGlobalSection
	GlobalSection(ProjectConfigurationPlatforms) = postSolution
		{D33074E4-1525-4F22-A1DB-A7F30989D8FE}.Debug|Any CPU.ActiveCfg = Debug|Any CPU
		{D33074E4-1525-4F22-A1DB-A7F30989D8FE}.Debug|Any CPU.Build.0 = Debug|Any CPU
		{D33074E4-1525-4F22-A1DB-A7F30989D8FE}.Release|Any CPU.ActiveCfg = Release|Any CPU
		{D33074E4-1525-4F22-A1DB-A7F30989D8FE}.Release|Any CPU.Build.0 = Release|Any CPU
	EndGlobalSection
	GlobalSection(SolutionProperties) = preSolution
		HideSolutionNode = FALSE
	EndGlobalSection
EndGlobal
