
Microsoft Visual Studio Solution File, Format Version 9.00
# Visual Studio 2005
Project("{FAE04EC0-301F-11D3-BF4B-00C04F79EFBC}") = "cs2j", "src\cs2j\cs2j.csproj", "{CE961AC5-C8D4-41B3-AAF3-23FA8FAEE8AD}"
EndProject
Global
	GlobalSection(SolutionConfigurationPlatforms) = preSolution
		Debug|Any CPU = Debug|Any CPU
		Release|Any CPU = Release|Any CPU
	EndGlobalSection
	GlobalSection(ProjectConfigurationPlatforms) = postSolution
		{CE961AC5-C8D4-41B3-AAF3-23FA8FAEE8AD}.Debug|Any CPU.ActiveCfg = Debug|Any CPU
		{CE961AC5-C8D4-41B3-AAF3-23FA8FAEE8AD}.Debug|Any CPU.Build.0 = Debug|Any CPU
		{CE961AC5-C8D4-41B3-AAF3-23FA8FAEE8AD}.Release|Any CPU.ActiveCfg = Release|Any CPU
		{CE961AC5-C8D4-41B3-AAF3-23FA8FAEE8AD}.Release|Any CPU.Build.0 = Release|Any CPU
	EndGlobalSection
	GlobalSection(SolutionProperties) = preSolution
		HideSolutionNode = FALSE
	EndGlobalSection
EndGlobal
