
Microsoft Visual Studio Solution File, Format Version 11.00
# Visual Studio 2010
Project("{FAE04EC0-301F-11D3-BF4B-00C04F79EFBC}") = "cs2j", "src\cs2j\cs2j.csproj", "{CE961AC5-C8D4-41B3-AAF3-23FA8FAEE8AD}"
EndProject
Project("{FAE04EC0-301F-11D3-BF4B-00C04F79EFBC}") = "Antlr3.Runtime", "src\Antlr.Runtime\Antlr3.Runtime.csproj", "{CF15D0D5-BE72-4F98-B70F-229ABA1DF0E8}"
EndProject
Project("{2150E333-8FDC-42A3-9474-1A3956D46DE8}") = "Solution Items", "Solution Items", "{79994BC6-E233-4F7F-B9E1-A137B34B3F99}"
	ProjectSection(SolutionItems) = preProject
		build.properties = build.properties
		build.xml = build.xml
	EndProjectSection
EndProject
Project("{FAE04EC0-301F-11D3-BF4B-00C04F79EFBC}") = "NDesk.Options", "src\NDesk.Options\NDesk.Options.csproj", "{E6ACBB37-AF38-45E1-B399-0CEE63809A15}"
EndProject
Project("{FAE04EC0-301F-11D3-BF4B-00C04F79EFBC}") = "cs2jTemplateGen", "src\cs2jTemplateGen\cs2jTemplateGen.csproj", "{CC80B16E-0700-4AA5-ABA0-ADBCD9316952}"
EndProject
Project("{FAE04EC0-301F-11D3-BF4B-00C04F79EFBC}") = "UpdateTxFiles", "UpdateTxFiles\UpdateTxFiles.csproj", "{4B69CC57-FAC3-464F-9103-5187421DB85F}"
EndProject
Project("{FAE04EC0-301F-11D3-BF4B-00C04F79EFBC}") = "CS2JTesterProject", "CS2JTesterProject\CS2JTesterProject.csproj", "{409226EE-D546-43F6-84B8-B8F43DED5556}"
EndProject
Global
	GlobalSection(SolutionConfigurationPlatforms) = preSolution
		Debug|Any CPU = Debug|Any CPU
		Default|Any CPU = Default|Any CPU
		Release|Any CPU = Release|Any CPU
	EndGlobalSection
	GlobalSection(ProjectConfigurationPlatforms) = postSolution
		{409226EE-D546-43F6-84B8-B8F43DED5556}.Debug|Any CPU.ActiveCfg = Debug|Any CPU
		{409226EE-D546-43F6-84B8-B8F43DED5556}.Debug|Any CPU.Build.0 = Debug|Any CPU
		{409226EE-D546-43F6-84B8-B8F43DED5556}.Default|Any CPU.ActiveCfg = Debug|Any CPU
		{409226EE-D546-43F6-84B8-B8F43DED5556}.Default|Any CPU.Build.0 = Debug|Any CPU
		{409226EE-D546-43F6-84B8-B8F43DED5556}.Release|Any CPU.ActiveCfg = Release|Any CPU
		{409226EE-D546-43F6-84B8-B8F43DED5556}.Release|Any CPU.Build.0 = Release|Any CPU
		{4B69CC57-FAC3-464F-9103-5187421DB85F}.Debug|Any CPU.ActiveCfg = Debug|Any CPU
		{4B69CC57-FAC3-464F-9103-5187421DB85F}.Debug|Any CPU.Build.0 = Debug|Any CPU
		{4B69CC57-FAC3-464F-9103-5187421DB85F}.Default|Any CPU.ActiveCfg = Debug|Any CPU
		{4B69CC57-FAC3-464F-9103-5187421DB85F}.Default|Any CPU.Build.0 = Debug|Any CPU
		{4B69CC57-FAC3-464F-9103-5187421DB85F}.Release|Any CPU.ActiveCfg = Release|Any CPU
		{4B69CC57-FAC3-464F-9103-5187421DB85F}.Release|Any CPU.Build.0 = Release|Any CPU
		{CC80B16E-0700-4AA5-ABA0-ADBCD9316952}.Debug|Any CPU.ActiveCfg = Debug|Any CPU
		{CC80B16E-0700-4AA5-ABA0-ADBCD9316952}.Debug|Any CPU.Build.0 = Debug|Any CPU
		{CC80B16E-0700-4AA5-ABA0-ADBCD9316952}.Default|Any CPU.ActiveCfg = Debug|Any CPU
		{CC80B16E-0700-4AA5-ABA0-ADBCD9316952}.Default|Any CPU.Build.0 = Debug|Any CPU
		{CC80B16E-0700-4AA5-ABA0-ADBCD9316952}.Release|Any CPU.ActiveCfg = Release|Any CPU
		{CC80B16E-0700-4AA5-ABA0-ADBCD9316952}.Release|Any CPU.Build.0 = Release|Any CPU
		{CE961AC5-C8D4-41B3-AAF3-23FA8FAEE8AD}.Debug|Any CPU.ActiveCfg = Debug|Any CPU
		{CE961AC5-C8D4-41B3-AAF3-23FA8FAEE8AD}.Debug|Any CPU.Build.0 = Debug|Any CPU
		{CE961AC5-C8D4-41B3-AAF3-23FA8FAEE8AD}.Default|Any CPU.ActiveCfg = Debug|Any CPU
		{CE961AC5-C8D4-41B3-AAF3-23FA8FAEE8AD}.Release|Any CPU.ActiveCfg = Release|Any CPU
		{CE961AC5-C8D4-41B3-AAF3-23FA8FAEE8AD}.Release|Any CPU.Build.0 = Release|Any CPU
		{CF15D0D5-BE72-4F98-B70F-229ABA1DF0E8}.Debug|Any CPU.ActiveCfg = Debug|Any CPU
		{CF15D0D5-BE72-4F98-B70F-229ABA1DF0E8}.Debug|Any CPU.Build.0 = Debug|Any CPU
		{CF15D0D5-BE72-4F98-B70F-229ABA1DF0E8}.Default|Any CPU.ActiveCfg = Debug|Any CPU
		{CF15D0D5-BE72-4F98-B70F-229ABA1DF0E8}.Release|Any CPU.ActiveCfg = Release|Any CPU
		{CF15D0D5-BE72-4F98-B70F-229ABA1DF0E8}.Release|Any CPU.Build.0 = Release|Any CPU
		{E6ACBB37-AF38-45E1-B399-0CEE63809A15}.Debug|Any CPU.ActiveCfg = Debug|Any CPU
		{E6ACBB37-AF38-45E1-B399-0CEE63809A15}.Debug|Any CPU.Build.0 = Debug|Any CPU
		{E6ACBB37-AF38-45E1-B399-0CEE63809A15}.Default|Any CPU.ActiveCfg = Debug|Any CPU
		{E6ACBB37-AF38-45E1-B399-0CEE63809A15}.Default|Any CPU.Build.0 = Debug|Any CPU
		{E6ACBB37-AF38-45E1-B399-0CEE63809A15}.Release|Any CPU.ActiveCfg = Release|Any CPU
		{E6ACBB37-AF38-45E1-B399-0CEE63809A15}.Release|Any CPU.Build.0 = Release|Any CPU
	EndGlobalSection
	GlobalSection(NestedProjects) = preSolution
	EndGlobalSection
	GlobalSection(MonoDevelopProperties) = preSolution
		StartupItem = src\cs2j\cs2j.csproj
	EndGlobalSection
	GlobalSection(SolutionProperties) = preSolution
		HideSolutionNode = FALSE
	EndGlobalSection
EndGlobal
